
Microsoft Visual Studio Solution File, Format Version 12.00
# Visual Studio Version 16
VisualStudioVersion = 16.0.30011.22
MinimumVisualStudioVersion = 10.0.40219.1
Project("{2150E333-8FDC-42A3-9474-1A3956D46DE8}") = "Solution Items", "Solution Items", "{E6FE30A9-8C14-4D46-A2C6-4DE3D52588FB}"
	ProjectSection(SolutionItems) = preProject
		CommonModels.cs = CommonModels.cs
		CommonModelsWin32.cs = CommonModelsWin32.cs
		configuration.txt = configuration.txt
		EditorBase.cs = EditorBase.cs
		ExampleCode.cs = ExampleCode.cs
		ProgramBase.cs = ProgramBase.cs
		README.md = README.md
		Table.cs = Table.cs
		TODO.txt = TODO.txt
	EndProjectSection
EndProject
Global
	GlobalSection(SolutionProperties) = preSolution
		HideSolutionNode = FALSE
	EndGlobalSection
	GlobalSection(ExtensibilityGlobals) = postSolution
		SolutionGuid = {5C32500F-EBE0-4A2B-81AF-F36991102455}
	EndGlobalSection
EndGlobal
